PODS:
  - MockReaderUI (2.0.0-alpha17)
  - ReaderSDK2 (2.0.0-alpha17)
  - ReaderSDK2SampleApp (2.0.0-alpha17):
    - MockReaderUI (= 2.0.0-alpha17)
    - ReaderSDK2 (= 2.0.0-alpha17)
    - ReaderSDK2UI (= 2.0.0-alpha17)
  - ReaderSDK2SampleApp/SampleApp (2.0.0-alpha17):
    - MockReaderUI (= 2.0.0-alpha17)
    - ReaderSDK2 (= 2.0.0-alpha17)
    - ReaderSDK2UI (= 2.0.0-alpha17)
  - ReaderSDK2UI (2.0.0-alpha17):
    - ReaderSDK2 (= 2.0.0-alpha17)

DEPENDENCIES:
  - MockReaderUI (from `./MockReaderUI.podspec`)
  - ReaderSDK2 (from `./ReaderSDK2.podspec`)
  - ReaderSDK2SampleApp (from `./`)
  - ReaderSDK2SampleApp/SampleApp (from `./`)
  - ReaderSDK2UI (from `./`)

EXTERNAL SOURCES:
  MockReaderUI:
    :podspec: "./MockReaderUI.podspec"
  ReaderSDK2:
    :podspec: "./ReaderSDK2.podspec"
  ReaderSDK2SampleApp:
    :path: "./"
  ReaderSDK2UI:
    :path: "./"

SPEC CHECKSUMS:
  MockReaderUI: 230ddbcce98f735622e69ae33c1ea90d9dda73c8
  ReaderSDK2: 6a0701e0943401ce2563a8fc5b835ee144bddcd6
  ReaderSDK2SampleApp: e48cf8328f39772f04234a30d1c3ef8742cc8a8b
  ReaderSDK2UI: 9d476432e4392998e2ae54c4ac6680c46041a930

PODFILE CHECKSUM: a9d8bb9385cea7dddffa07ca9f2279c88197fad9

COCOAPODS: 1.11.3
